
Microsoft Visual Studio Solution File, Format Version 12.00
# Visual Studio 14
VisualStudioVersion = 14.0.23107.0
MinimumVisualStudioVersion = 10.0.40219.1
Project("{FAE04EC0-301F-11D3-BF4B-00C04F79EFBC}") = "SpatchTracker", "SpatchTracker\SpatchTracker.csproj", "{1ED9D04A-CBA2-4A68-B35C-5FBE3AF9F28A}"
EndProject
Project("{FAE04EC0-301F-11D3-BF4B-00C04F79EFBC}") = "ClaptonUtilityLibrary", "CUL\ClaptonUtilityLibrary.csproj", "{DE8C6FF7-42FB-452A-977C-32256017CF79}"
EndProject
Global
	GlobalSection(SolutionConfigurationPlatforms) = preSolution
		Beta|Any CPU = Beta|Any CPU
		Debug|Any CPU = Debug|Any CPU
		Release|Any CPU = Release|Any CPU
	EndGlobalSection
	GlobalSection(ProjectConfigurationPlatforms) = postSolution
		{1ED9D04A-CBA2-4A68-B35C-5FBE3AF9F28A}.Beta|Any CPU.ActiveCfg = Release|Any CPU
		{1ED9D04A-CBA2-4A68-B35C-5FBE3AF9F28A}.Beta|Any CPU.Build.0 = Release|Any CPU
		{1ED9D04A-CBA2-4A68-B35C-5FBE3AF9F28A}.Debug|Any CPU.ActiveCfg = Debug|Any CPU
		{1ED9D04A-CBA2-4A68-B35C-5FBE3AF9F28A}.Debug|Any CPU.Build.0 = Debug|Any CPU
		{1ED9D04A-CBA2-4A68-B35C-5FBE3AF9F28A}.Release|Any CPU.ActiveCfg = Release|Any CPU
		{1ED9D04A-CBA2-4A68-B35C-5FBE3AF9F28A}.Release|Any CPU.Build.0 = Release|Any CPU
		{DE8C6FF7-42FB-452A-977C-32256017CF79}.Beta|Any CPU.ActiveCfg = Beta|Any CPU
		{DE8C6FF7-42FB-452A-977C-32256017CF79}.Beta|Any CPU.Build.0 = Beta|Any CPU
		{DE8C6FF7-42FB-452A-977C-32256017CF79}.Debug|Any CPU.ActiveCfg = Debug|Any CPU
		{DE8C6FF7-42FB-452A-977C-32256017CF79}.Debug|Any CPU.Build.0 = Debug|Any CPU
		{DE8C6FF7-42FB-452A-977C-32256017CF79}.Release|Any CPU.ActiveCfg = Release|Any CPU
		{DE8C6FF7-42FB-452A-977C-32256017CF79}.Release|Any CPU.Build.0 = Release|Any CPU
	EndGlobalSection
	GlobalSection(SolutionProperties) = preSolution
		HideSolutionNode = FALSE
	EndGlobalSection
EndGlobal
